
Microsoft Visual Studio Solution File, Format Version 12.00
# Visual Studio Version 17
VisualStudioVersion = 17.5.33516.290
MinimumVisualStudioVersion = 10.0.40219.1
Project("{FAE04EC0-301F-11D3-BF4B-00C04F79EFBC}") = "computación en la nube - práctica 2C", "computación en la nube - práctica 2C.csproj", "{224FE742-7340-4DD3-80BC-C711B6D5AFEC}"
EndProject
Global
	GlobalSection(SolutionConfigurationPlatforms) = preSolution
		Debug|Any CPU = Debug|Any CPU
		Release|Any CPU = Release|Any CPU
	EndGlobalSection
	GlobalSection(ProjectConfigurationPlatforms) = postSolution
		{224FE742-7340-4DD3-80BC-C711B6D5AFEC}.Debug|Any CPU.ActiveCfg = Debug|Any CPU
		{224FE742-7340-4DD3-80BC-C711B6D5AFEC}.Debug|Any CPU.Build.0 = Debug|Any CPU
		{224FE742-7340-4DD3-80BC-C711B6D5AFEC}.Release|Any CPU.ActiveCfg = Release|Any CPU
		{224FE742-7340-4DD3-80BC-C711B6D5AFEC}.Release|Any CPU.Build.0 = Release|Any CPU
	EndGlobalSection
	GlobalSection(SolutionProperties) = preSolution
		HideSolutionNode = FALSE
	EndGlobalSection
	GlobalSection(ExtensibilityGlobals) = postSolution
		SolutionGuid = {18FDE991-A83A-47FB-A360-6711DE464273}
	EndGlobalSection
EndGlobal
